
Microsoft Visual Studio Solution File, Format Version 12.00
# Visual Studio Version 16
VisualStudioVersion = 16.0.30804.86
MinimumVisualStudioVersion = 10.0.40219.1
Project("{FAE04EC0-301F-11D3-BF4B-00C04F79EFBC}") = "UrbanPlanning", "UrbanPlanning\UrbanPlanning.csproj", "{6B1CA894-F8EF-4993-A7E4-6D8CD08B9B3C}"
EndProject
Global
	GlobalSection(SolutionConfigurationPlatforms) = preSolution
		Debug|Any CPU = Debug|Any CPU
		Release|Any CPU = Release|Any CPU
	EndGlobalSection
	GlobalSection(ProjectConfigurationPlatforms) = postSolution
		{6B1CA894-F8EF-4993-A7E4-6D8CD08B9B3C}.Debug|Any CPU.ActiveCfg = Debug|Any CPU
		{6B1CA894-F8EF-4993-A7E4-6D8CD08B9B3C}.Debug|Any CPU.Build.0 = Debug|Any CPU
		{6B1CA894-F8EF-4993-A7E4-6D8CD08B9B3C}.Release|Any CPU.ActiveCfg = Release|Any CPU
		{6B1CA894-F8EF-4993-A7E4-6D8CD08B9B3C}.Release|Any CPU.Build.0 = Release|Any CPU
	EndGlobalSection
	GlobalSection(SolutionProperties) = preSolution
		HideSolutionNode = FALSE
	EndGlobalSection
	GlobalSection(ExtensibilityGlobals) = postSolution
		SolutionGuid = {5B4C1975-EDE9-4340-8BB9-F23281F3D7CA}
	EndGlobalSection
EndGlobal
